
Microsoft Visual Studio Solution File, Format Version 12.00
# Visual Studio Version 17
VisualStudioVersion = 17.2.32505.173
MinimumVisualStudioVersion = 10.0.40219.1
Project("{FAE04EC0-301F-11D3-BF4B-00C04F79EFBC}") = "Northwind.DAL", "Northwind.DAL\Northwind.DAL.csproj", "{FC5E694B-035C-4691-86F6-05F3E5A702BB}"
EndProject
Project("{9A19103F-16F7-4668-BE54-9A1E7A4F7556}") = "Northwind.Entities", "..\..\..\Desktop\NorthwindWEB\Northwind.Entities\Northwind.Entities.csproj", "{E5E8A3E8-504E-4FB9-A66A-99BAB2C13B5F}"
EndProject
Project("{FAE04EC0-301F-11D3-BF4B-00C04F79EFBC}") = "Northwind.BL", "Northwind.BL\Northwind.BL.csproj", "{B795609F-0C44-4F23-AA8E-A35BFCA86FAD}"
EndProject
Project("{FAE04EC0-301F-11D3-BF4B-00C04F79EFBC}") = "Northwind.WebMvc", "Northwind.WebMvc\Northwind.WebMvc.csproj", "{C1737F67-D10C-4BD5-A43C-F872CAEED392}"
EndProject
Global
	GlobalSection(SolutionConfigurationPlatforms) = preSolution
		Debug|Any CPU = Debug|Any CPU
		Release|Any CPU = Release|Any CPU
	EndGlobalSection
	GlobalSection(ProjectConfigurationPlatforms) = postSolution
		{FC5E694B-035C-4691-86F6-05F3E5A702BB}.Debug|Any CPU.ActiveCfg = Debug|Any CPU
		{FC5E694B-035C-4691-86F6-05F3E5A702BB}.Debug|Any CPU.Build.0 = Debug|Any CPU
		{FC5E694B-035C-4691-86F6-05F3E5A702BB}.Release|Any CPU.ActiveCfg = Release|Any CPU
		{FC5E694B-035C-4691-86F6-05F3E5A702BB}.Release|Any CPU.Build.0 = Release|Any CPU
		{E5E8A3E8-504E-4FB9-A66A-99BAB2C13B5F}.Debug|Any CPU.ActiveCfg = Debug|Any CPU
		{E5E8A3E8-504E-4FB9-A66A-99BAB2C13B5F}.Debug|Any CPU.Build.0 = Debug|Any CPU
		{E5E8A3E8-504E-4FB9-A66A-99BAB2C13B5F}.Release|Any CPU.ActiveCfg = Release|Any CPU
		{E5E8A3E8-504E-4FB9-A66A-99BAB2C13B5F}.Release|Any CPU.Build.0 = Release|Any CPU
		{B795609F-0C44-4F23-AA8E-A35BFCA86FAD}.Debug|Any CPU.ActiveCfg = Debug|Any CPU
		{B795609F-0C44-4F23-AA8E-A35BFCA86FAD}.Debug|Any CPU.Build.0 = Debug|Any CPU
		{B795609F-0C44-4F23-AA8E-A35BFCA86FAD}.Release|Any CPU.ActiveCfg = Release|Any CPU
		{B795609F-0C44-4F23-AA8E-A35BFCA86FAD}.Release|Any CPU.Build.0 = Release|Any CPU
		{C1737F67-D10C-4BD5-A43C-F872CAEED392}.Debug|Any CPU.ActiveCfg = Debug|Any CPU
		{C1737F67-D10C-4BD5-A43C-F872CAEED392}.Debug|Any CPU.Build.0 = Debug|Any CPU
		{C1737F67-D10C-4BD5-A43C-F872CAEED392}.Release|Any CPU.ActiveCfg = Release|Any CPU
		{C1737F67-D10C-4BD5-A43C-F872CAEED392}.Release|Any CPU.Build.0 = Release|Any CPU
	EndGlobalSection
	GlobalSection(SolutionProperties) = preSolution
		HideSolutionNode = FALSE
	EndGlobalSection
	GlobalSection(ExtensibilityGlobals) = postSolution
		SolutionGuid = {D1C5F11A-E698-4C0B-B2B0-5F75A96982B3}
	EndGlobalSection
EndGlobal
